{
  "originHash" : "4d593622633e13e67ca6a883d0ff30c3d5ae9e55399c474c1798da6c4a4e3f7b",
  "pins" : [
    {
      "identity" : "appdabkit",
      "kind" : "remoteSourceControl",
      "location" : "https://github.com/AppDab/AppDabKit",
      "state" : {
        "branch" : "feature/typed_action_completion",
        "revision" : "7afb34805ccfb621e9aeed97290421a7dcd8836e"
      }
    },
    {
      "identity" : "appstoreconnectkit",
      "kind" : "remoteSourceControl",
      "location" : "https://github.com/MortenGregersen/AppStoreConnectKit",
      "state" : {
        "revision" : "9d247652ad533e4797367c0e8a03b394d42de619",
        "version" : "4.1.0"
      }
    },
    {
      "identity" : "bagbutik",
      "kind" : "remoteSourceControl",
      "location" : "https://github.com/MortenGregersen/Bagbutik",
      "state" : {
        "revision" : "156b1e2d309f71857e4693f058d6fd1b672b4c45",
        "version" : "24.0.3"
      }
    },
    {
      "identity" : "certificatesigningrequest",
      "kind" : "remoteSourceControl",
      "location" : "https://github.com/cbaker6/CertificateSigningRequest",
      "state" : {
        "revision" : "457627f8ff57a721851ee14cc552d529c37c8329",
        "version" : "1.30.0"
      }
    },
    {
      "identity" : "swift-argument-parser",
      "kind" : "remoteSourceControl",
      "location" : "https://github.com/apple/swift-argument-parser",
      "state" : {
        "revision" : "6a52f3251125d74daf04fcbd5e6f08a75d074382",
        "version" : "1.8.2"
      }
    },
    {
      "identity" : "swift-asn1",
      "kind" : "remoteSourceControl",
      "location" : "https://github.com/apple/swift-asn1.git",
      "state" : {
        "revision" : "3b6410f7dee09eb33cdd26260c5fd47fda19b0e2",
        "version" : "1.7.3"
      }
    },
    {
      "identity" : "swift-crypto",
      "kind" : "remoteSourceControl",
      "location" : "https://github.com/apple/swift-crypto",
      "state" : {
        "revision" : "95ba0316a9b733e92bb6b071255ff46263bbe7dc",
        "version" : "3.15.1"
      }
    }
  ],
  "version" : 3
}
